
Microsoft Visual Studio Solution File, Format Version 12.00
# Visual Studio Version 16
VisualStudioVersion = 16.0.31424.327
MinimumVisualStudioVersion = 10.0.40219.1
Project("{9A19103F-16F7-4668-BE54-9A1E7A4F7556}") = "FirstProject", "FirstProject.csproj", "{9CA9CE44-BC16-4070-B116-F7D2F348322B}"
EndProject
Global
	GlobalSection(SolutionConfigurationPlatforms) = preSolution
		Debug|Any CPU = Debug|Any CPU
		Release|Any CPU = Release|Any CPU
	EndGlobalSection
	GlobalSection(ProjectConfigurationPlatforms) = postSolution
		{9CA9CE44-BC16-4070-B116-F7D2F348322B}.Debug|Any CPU.ActiveCfg = Debug|Any CPU
		{9CA9CE44-BC16-4070-B116-F7D2F348322B}.Debug|Any CPU.Build.0 = Debug|Any CPU
		{9CA9CE44-BC16-4070-B116-F7D2F348322B}.Release|Any CPU.ActiveCfg = Release|Any CPU
		{9CA9CE44-BC16-4070-B116-F7D2F348322B}.Release|Any CPU.Build.0 = Release|Any CPU
	EndGlobalSection
	GlobalSection(SolutionProperties) = preSolution
		HideSolutionNode = FALSE
	EndGlobalSection
	GlobalSection(ExtensibilityGlobals) = postSolution
		SolutionGuid = {BC394B78-80F9-4CA0-BC64-13A6DEA85E45}
	EndGlobalSection
EndGlobal
